
Microsoft Visual Studio Solution File, Format Version 12.00
# Visual Studio Version 16
VisualStudioVersion = 16.0.28803.352
MinimumVisualStudioVersion = 10.0.40219.1
Project("{FAE04EC0-301F-11D3-BF4B-00C04F79EFBC}") = "WeatherApp.Android", "WeatherApp\WeatherApp.Android\WeatherApp.Android.csproj", "{1DFCECB0-E25F-4F09-9903-01CAFDDB7B74}"
EndProject
Project("{FAE04EC0-301F-11D3-BF4B-00C04F79EFBC}") = "WeatherApp.iOS", "WeatherApp\WeatherApp.iOS\WeatherApp.iOS.csproj", "{3F2AA72F-F53D-4467-8A9A-C57C653E788C}"
EndProject
Project("{FAE04EC0-301F-11D3-BF4B-00C04F79EFBC}") = "WeatherApp", "WeatherApp\WeatherApp\WeatherApp.csproj", "{BF350542-EBED-4910-9F36-A5C29ED923C0}"
EndProject
Global
	GlobalSection(SolutionConfigurationPlatforms) = preSolution
		Debug|Any CPU = Debug|Any CPU
		Debug|iPhone = Debug|iPhone
		Debug|iPhoneSimulator = Debug|iPhoneSimulator
		Release|Any CPU = Release|Any CPU
		Release|iPhone = Release|iPhone
		Release|iPhoneSimulator = Release|iPhoneSimulator
	EndGlobalSection
	GlobalSection(ProjectConfigurationPlatforms) = postSolution
		{1DFCECB0-E25F-4F09-9903-01CAFDDB7B74}.Debug|Any CPU.ActiveCfg = Debug|Any CPU
		{1DFCECB0-E25F-4F09-9903-01CAFDDB7B74}.Debug|Any CPU.Build.0 = Debug|Any CPU
		{1DFCECB0-E25F-4F09-9903-01CAFDDB7B74}.Debug|Any CPU.Deploy.0 = Debug|Any CPU
		{1DFCECB0-E25F-4F09-9903-01CAFDDB7B74}.Debug|iPhone.ActiveCfg = Debug|Any CPU
		{1DFCECB0-E25F-4F09-9903-01CAFDDB7B74}.Debug|iPhone.Build.0 = Debug|Any CPU
		{1DFCECB0-E25F-4F09-9903-01CAFDDB7B74}.Debug|iPhone.Deploy.0 = Debug|Any CPU
		{1DFCECB0-E25F-4F09-9903-01CAFDDB7B74}.Debug|iPhoneSimulator.ActiveCfg = Debug|Any CPU
		{1DFCECB0-E25F-4F09-9903-01CAFDDB7B74}.Debug|iPhoneSimulator.Build.0 = Debug|Any CPU
		{1DFCECB0-E25F-4F09-9903-01CAFDDB7B74}.Debug|iPhoneSimulator.Deploy.0 = Debug|Any CPU
		{1DFCECB0-E25F-4F09-9903-01CAFDDB7B74}.Release|Any CPU.ActiveCfg = Release|Any CPU
		{1DFCECB0-E25F-4F09-9903-01CAFDDB7B74}.Release|Any CPU.Build.0 = Release|Any CPU
		{1DFCECB0-E25F-4F09-9903-01CAFDDB7B74}.Release|Any CPU.Deploy.0 = Release|Any CPU
		{1DFCECB0-E25F-4F09-9903-01CAFDDB7B74}.Release|iPhone.ActiveCfg = Release|Any CPU
		{1DFCECB0-E25F-4F09-9903-01CAFDDB7B74}.Release|iPhone.Build.0 = Release|Any CPU
		{1DFCECB0-E25F-4F09-9903-01CAFDDB7B74}.Release|iPhone.Deploy.0 = Release|Any CPU
		{1DFCECB0-E25F-4F09-9903-01CAFDDB7B74}.Release|iPhoneSimulator.ActiveCfg = Release|Any CPU
		{1DFCECB0-E25F-4F09-9903-01CAFDDB7B74}.Release|iPhoneSimulator.Build.0 = Release|Any CPU
		{1DFCECB0-E25F-4F09-9903-01CAFDDB7B74}.Release|iPhoneSimulator.Deploy.0 = Release|Any CPU
		{3F2AA72F-F53D-4467-8A9A-C57C653E788C}.Debug|Any CPU.ActiveCfg = Debug|iPhoneSimulator
		{3F2AA72F-F53D-4467-8A9A-C57C653E788C}.Debug|Any CPU.Build.0 = Debug|iPhoneSimulator
		{3F2AA72F-F53D-4467-8A9A-C57C653E788C}.Debug|Any CPU.Deploy.0 = Debug|iPhoneSimulator
		{3F2AA72F-F53D-4467-8A9A-C57C653E788C}.Debug|iPhone.ActiveCfg = Debug|iPhone
		{3F2AA72F-F53D-4467-8A9A-C57C653E788C}.Debug|iPhone.Build.0 = Debug|iPhone
		{3F2AA72F-F53D-4467-8A9A-C57C653E788C}.Debug|iPhone.Deploy.0 = Debug|iPhone
		{3F2AA72F-F53D-4467-8A9A-C57C653E788C}.Debug|iPhoneSimulator.ActiveCfg = Debug|iPhoneSimulator
		{3F2AA72F-F53D-4467-8A9A-C57C653E788C}.Debug|iPhoneSimulator.Build.0 = Debug|iPhoneSimulator
		{3F2AA72F-F53D-4467-8A9A-C57C653E788C}.Debug|iPhoneSimulator.Deploy.0 = Debug|iPhoneSimulator
		{3F2AA72F-F53D-4467-8A9A-C57C653E788C}.Release|Any CPU.ActiveCfg = Release|iPhone
		{3F2AA72F-F53D-4467-8A9A-C57C653E788C}.Release|Any CPU.Build.0 = Release|iPhone
		{3F2AA72F-F53D-4467-8A9A-C57C653E788C}.Release|Any CPU.Deploy.0 = Release|iPhone
		{3F2AA72F-F53D-4467-8A9A-C57C653E788C}.Release|iPhone.ActiveCfg = Release|iPhone
		{3F2AA72F-F53D-4467-8A9A-C57C653E788C}.Release|iPhone.Build.0 = Release|iPhone
		{3F2AA72F-F53D-4467-8A9A-C57C653E788C}.Release|iPhone.Deploy.0 = Release|iPhone
		{3F2AA72F-F53D-4467-8A9A-C57C653E788C}.Release|iPhoneSimulator.ActiveCfg = Release|iPhoneSimulator
		{3F2AA72F-F53D-4467-8A9A-C57C653E788C}.Release|iPhoneSimulator.Build.0 = Release|iPhoneSimulator
		{3F2AA72F-F53D-4467-8A9A-C57C653E788C}.Release|iPhoneSimulator.Deploy.0 = Release|iPhoneSimulator
		{BF350542-EBED-4910-9F36-A5C29ED923C0}.Debug|Any CPU.ActiveCfg = Debug|Any CPU
		{BF350542-EBED-4910-9F36-A5C29ED923C0}.Debug|Any CPU.Build.0 = Debug|Any CPU
		{BF350542-EBED-4910-9F36-A5C29ED923C0}.Debug|Any CPU.Deploy.0 = Debug|Any CPU
		{BF350542-EBED-4910-9F36-A5C29ED923C0}.Debug|iPhone.ActiveCfg = Debug|Any CPU
		{BF350542-EBED-4910-9F36-A5C29ED923C0}.Debug|iPhone.Build.0 = Debug|Any CPU
		{BF350542-EBED-4910-9F36-A5C29ED923C0}.Debug|iPhone.Deploy.0 = Debug|Any CPU
		{BF350542-EBED-4910-9F36-A5C29ED923C0}.Debug|iPhoneSimulator.ActiveCfg = Debug|Any CPU
		{BF350542-EBED-4910-9F36-A5C29ED923C0}.Debug|iPhoneSimulator.Build.0 = Debug|Any CPU
		{BF350542-EBED-4910-9F36-A5C29ED923C0}.Debug|iPhoneSimulator.Deploy.0 = Debug|Any CPU
		{BF350542-EBED-4910-9F36-A5C29ED923C0}.Release|Any CPU.ActiveCfg = Release|Any CPU
		{BF350542-EBED-4910-9F36-A5C29ED923C0}.Release|Any CPU.Build.0 = Release|Any CPU
		{BF350542-EBED-4910-9F36-A5C29ED923C0}.Release|Any CPU.Deploy.0 = Release|Any CPU
		{BF350542-EBED-4910-9F36-A5C29ED923C0}.Release|iPhone.ActiveCfg = Release|Any CPU
		{BF350542-EBED-4910-9F36-A5C29ED923C0}.Release|iPhone.Build.0 = Release|Any CPU
		{BF350542-EBED-4910-9F36-A5C29ED923C0}.Release|iPhone.Deploy.0 = Release|Any CPU
		{BF350542-EBED-4910-9F36-A5C29ED923C0}.Release|iPhoneSimulator.ActiveCfg = Release|Any CPU
		{BF350542-EBED-4910-9F36-A5C29ED923C0}.Release|iPhoneSimulator.Build.0 = Release|Any CPU
		{BF350542-EBED-4910-9F36-A5C29ED923C0}.Release|iPhoneSimulator.Deploy.0 = Release|Any CPU
	EndGlobalSection
	GlobalSection(SolutionProperties) = preSolution
		HideSolutionNode = FALSE
	EndGlobalSection
	GlobalSection(ExtensibilityGlobals) = postSolution
		SolutionGuid = {A20B3BA7-D76C-465D-A4FC-067C47FCC438}
	EndGlobalSection
EndGlobal
