
Microsoft Visual Studio Solution File, Format Version 12.00
# Visual Studio Version 16
VisualStudioVersion = 16.0.28803.452
MinimumVisualStudioVersion = 10.0.40219.1
Project("{FAE04EC0-301F-11D3-BF4B-00C04F79EFBC}") = "WeatherApp.Android", "WeatherApp\WeatherApp.Android\WeatherApp.Android.csproj", "{9F28682F-45B6-423C-B2CC-73714433E25C}"
EndProject
Project("{FAE04EC0-301F-11D3-BF4B-00C04F79EFBC}") = "WeatherApp.iOS", "WeatherApp\WeatherApp.iOS\WeatherApp.iOS.csproj", "{DCEA6E58-1050-4F97-BA35-EE202BEADECB}"
EndProject
Project("{FAE04EC0-301F-11D3-BF4B-00C04F79EFBC}") = "WeatherApp", "WeatherApp\WeatherApp\WeatherApp.csproj", "{0C37D35F-F24D-4082-BF41-6CD9E011C436}"
EndProject
Global
	GlobalSection(SolutionConfigurationPlatforms) = preSolution
		Debug|Any CPU = Debug|Any CPU
		Debug|iPhone = Debug|iPhone
		Debug|iPhoneSimulator = Debug|iPhoneSimulator
		Release|Any CPU = Release|Any CPU
		Release|iPhone = Release|iPhone
		Release|iPhoneSimulator = Release|iPhoneSimulator
	EndGlobalSection
	GlobalSection(ProjectConfigurationPlatforms) = postSolution
		{9F28682F-45B6-423C-B2CC-73714433E25C}.Debug|Any CPU.ActiveCfg = Debug|Any CPU
		{9F28682F-45B6-423C-B2CC-73714433E25C}.Debug|Any CPU.Build.0 = Debug|Any CPU
		{9F28682F-45B6-423C-B2CC-73714433E25C}.Debug|Any CPU.Deploy.0 = Debug|Any CPU
		{9F28682F-45B6-423C-B2CC-73714433E25C}.Debug|iPhone.ActiveCfg = Debug|Any CPU
		{9F28682F-45B6-423C-B2CC-73714433E25C}.Debug|iPhone.Build.0 = Debug|Any CPU
		{9F28682F-45B6-423C-B2CC-73714433E25C}.Debug|iPhone.Deploy.0 = Debug|Any CPU
		{9F28682F-45B6-423C-B2CC-73714433E25C}.Debug|iPhoneSimulator.ActiveCfg = Debug|Any CPU
		{9F28682F-45B6-423C-B2CC-73714433E25C}.Debug|iPhoneSimulator.Build.0 = Debug|Any CPU
		{9F28682F-45B6-423C-B2CC-73714433E25C}.Debug|iPhoneSimulator.Deploy.0 = Debug|Any CPU
		{9F28682F-45B6-423C-B2CC-73714433E25C}.Release|Any CPU.ActiveCfg = Release|Any CPU
		{9F28682F-45B6-423C-B2CC-73714433E25C}.Release|Any CPU.Build.0 = Release|Any CPU
		{9F28682F-45B6-423C-B2CC-73714433E25C}.Release|Any CPU.Deploy.0 = Release|Any CPU
		{9F28682F-45B6-423C-B2CC-73714433E25C}.Release|iPhone.ActiveCfg = Release|Any CPU
		{9F28682F-45B6-423C-B2CC-73714433E25C}.Release|iPhone.Build.0 = Release|Any CPU
		{9F28682F-45B6-423C-B2CC-73714433E25C}.Release|iPhone.Deploy.0 = Release|Any CPU
		{9F28682F-45B6-423C-B2CC-73714433E25C}.Release|iPhoneSimulator.ActiveCfg = Release|Any CPU
		{9F28682F-45B6-423C-B2CC-73714433E25C}.Release|iPhoneSimulator.Build.0 = Release|Any CPU
		{9F28682F-45B6-423C-B2CC-73714433E25C}.Release|iPhoneSimulator.Deploy.0 = Release|Any CPU
		{DCEA6E58-1050-4F97-BA35-EE202BEADECB}.Debug|Any CPU.ActiveCfg = Debug|iPhoneSimulator
		{DCEA6E58-1050-4F97-BA35-EE202BEADECB}.Debug|Any CPU.Build.0 = Debug|iPhoneSimulator
		{DCEA6E58-1050-4F97-BA35-EE202BEADECB}.Debug|Any CPU.Deploy.0 = Debug|iPhoneSimulator
		{DCEA6E58-1050-4F97-BA35-EE202BEADECB}.Debug|iPhone.ActiveCfg = Debug|iPhone
		{DCEA6E58-1050-4F97-BA35-EE202BEADECB}.Debug|iPhone.Build.0 = Debug|iPhone
		{DCEA6E58-1050-4F97-BA35-EE202BEADECB}.Debug|iPhone.Deploy.0 = Debug|iPhone
		{DCEA6E58-1050-4F97-BA35-EE202BEADECB}.Debug|iPhoneSimulator.ActiveCfg = Debug|iPhoneSimulator
		{DCEA6E58-1050-4F97-BA35-EE202BEADECB}.Debug|iPhoneSimulator.Build.0 = Debug|iPhoneSimulator
		{DCEA6E58-1050-4F97-BA35-EE202BEADECB}.Debug|iPhoneSimulator.Deploy.0 = Debug|iPhoneSimulator
		{DCEA6E58-1050-4F97-BA35-EE202BEADECB}.Release|Any CPU.ActiveCfg = Release|iPhone
		{DCEA6E58-1050-4F97-BA35-EE202BEADECB}.Release|Any CPU.Build.0 = Release|iPhone
		{DCEA6E58-1050-4F97-BA35-EE202BEADECB}.Release|Any CPU.Deploy.0 = Release|iPhone
		{DCEA6E58-1050-4F97-BA35-EE202BEADECB}.Release|iPhone.ActiveCfg = Release|iPhone
		{DCEA6E58-1050-4F97-BA35-EE202BEADECB}.Release|iPhone.Build.0 = Release|iPhone
		{DCEA6E58-1050-4F97-BA35-EE202BEADECB}.Release|iPhone.Deploy.0 = Release|iPhone
		{DCEA6E58-1050-4F97-BA35-EE202BEADECB}.Release|iPhoneSimulator.ActiveCfg = Release|iPhoneSimulator
		{DCEA6E58-1050-4F97-BA35-EE202BEADECB}.Release|iPhoneSimulator.Build.0 = Release|iPhoneSimulator
		{DCEA6E58-1050-4F97-BA35-EE202BEADECB}.Release|iPhoneSimulator.Deploy.0 = Release|iPhoneSimulator
		{0C37D35F-F24D-4082-BF41-6CD9E011C436}.Debug|Any CPU.ActiveCfg = Debug|Any CPU
		{0C37D35F-F24D-4082-BF41-6CD9E011C436}.Debug|Any CPU.Build.0 = Debug|Any CPU
		{0C37D35F-F24D-4082-BF41-6CD9E011C436}.Debug|Any CPU.Deploy.0 = Debug|Any CPU
		{0C37D35F-F24D-4082-BF41-6CD9E011C436}.Debug|iPhone.ActiveCfg = Debug|Any CPU
		{0C37D35F-F24D-4082-BF41-6CD9E011C436}.Debug|iPhone.Build.0 = Debug|Any CPU
		{0C37D35F-F24D-4082-BF41-6CD9E011C436}.Debug|iPhone.Deploy.0 = Debug|Any CPU
		{0C37D35F-F24D-4082-BF41-6CD9E011C436}.Debug|iPhoneSimulator.ActiveCfg = Debug|Any CPU
		{0C37D35F-F24D-4082-BF41-6CD9E011C436}.Debug|iPhoneSimulator.Build.0 = Debug|Any CPU
		{0C37D35F-F24D-4082-BF41-6CD9E011C436}.Debug|iPhoneSimulator.Deploy.0 = Debug|Any CPU
		{0C37D35F-F24D-4082-BF41-6CD9E011C436}.Release|Any CPU.ActiveCfg = Release|Any CPU
		{0C37D35F-F24D-4082-BF41-6CD9E011C436}.Release|Any CPU.Build.0 = Release|Any CPU
		{0C37D35F-F24D-4082-BF41-6CD9E011C436}.Release|Any CPU.Deploy.0 = Release|Any CPU
		{0C37D35F-F24D-4082-BF41-6CD9E011C436}.Release|iPhone.ActiveCfg = Release|Any CPU
		{0C37D35F-F24D-4082-BF41-6CD9E011C436}.Release|iPhone.Build.0 = Release|Any CPU
		{0C37D35F-F24D-4082-BF41-6CD9E011C436}.Release|iPhone.Deploy.0 = Release|Any CPU
		{0C37D35F-F24D-4082-BF41-6CD9E011C436}.Release|iPhoneSimulator.ActiveCfg = Release|Any CPU
		{0C37D35F-F24D-4082-BF41-6CD9E011C436}.Release|iPhoneSimulator.Build.0 = Release|Any CPU
		{0C37D35F-F24D-4082-BF41-6CD9E011C436}.Release|iPhoneSimulator.Deploy.0 = Release|Any CPU
	EndGlobalSection
	GlobalSection(SolutionProperties) = preSolution
		HideSolutionNode = FALSE
	EndGlobalSection
	GlobalSection(ExtensibilityGlobals) = postSolution
		SolutionGuid = {76457218-5FF0-481B-89EF-29A67197040D}
	EndGlobalSection
EndGlobal
